
Microsoft Visual Studio Solution File, Format Version 12.00
# Visual Studio Version 16
VisualStudioVersion = 16.0.33927.289
MinimumVisualStudioVersion = 10.0.40219.1
Project("{FAE04EC0-301F-11D3-BF4B-00C04F79EFBC}") = "AtomicNomad", "AtomicNomad\AtomicNomad.csproj", "{34902DB9-0522-4B33-9802-2B6412862901}"
EndProject
Project("{FAE04EC0-301F-11D3-BF4B-00C04F79EFBC}") = "NomadLibrary", "NomadLibrary\NomadLibrary.csproj", "{C5020D45-4494-4AB6-90C5-7B4AE3DABF44}"
EndProject
Global
	GlobalSection(SolutionConfigurationPlatforms) = preSolution
		Debug|Any CPU = Debug|Any CPU
		Release|Any CPU = Release|Any CPU
	EndGlobalSection
	GlobalSection(ProjectConfigurationPlatforms) = postSolution
		{34902DB9-0522-4B33-9802-2B6412862901}.Debug|Any CPU.ActiveCfg = Debug|Any CPU
		{34902DB9-0522-4B33-9802-2B6412862901}.Debug|Any CPU.Build.0 = Debug|Any CPU
		{34902DB9-0522-4B33-9802-2B6412862901}.Release|Any CPU.ActiveCfg = Release|Any CPU
		{34902DB9-0522-4B33-9802-2B6412862901}.Release|Any CPU.Build.0 = Release|Any CPU
		{C5020D45-4494-4AB6-90C5-7B4AE3DABF44}.Debug|Any CPU.ActiveCfg = Debug|Any CPU
		{C5020D45-4494-4AB6-90C5-7B4AE3DABF44}.Debug|Any CPU.Build.0 = Debug|Any CPU
		{C5020D45-4494-4AB6-90C5-7B4AE3DABF44}.Release|Any CPU.ActiveCfg = Release|Any CPU
		{C5020D45-4494-4AB6-90C5-7B4AE3DABF44}.Release|Any CPU.Build.0 = Release|Any CPU
	EndGlobalSection
	GlobalSection(SolutionProperties) = preSolution
		HideSolutionNode = FALSE
	EndGlobalSection
	GlobalSection(ExtensibilityGlobals) = postSolution
		SolutionGuid = {2AD45BE9-1A18-430D-824C-402C19DF8F0F}
	EndGlobalSection
EndGlobal
